{
  "version": 4,
  "terraform_version": "1.3.4",
  "serial": 81,
  "lineage": "0b0ec4c1-8bd6-e334-da08-02c91f2f979f",
  "outputs": {},
  "resources": [
    {
      "mode": "managed",
      "type": "openstack_compute_floatingip_associate_v2",
      "name": "fip_1",
      "provider": "provider[\"registry.terraform.io/terraform-provider-openstack/openstack\"]",
      "instances": [
        {
          "schema_version": 0,
          "attributes": {
            "fixed_ip": "",
            "floating_ip": "212.237.145.203",
            "id": "212.237.145.203/27851a8e-03ee-49fa-a450-77e8b022a425/",
            "instance_id": "27851a8e-03ee-49fa-a450-77e8b022a425",
            "region": "se-sto",
            "timeouts": null,
            "wait_until_associated": null
          },
          "sensitive_attributes": [],
          "private": "eyJlMmJmYjczMC1lY2FhLTExZTYtOGY4OC0zNDM2M2JjN2M0YzAiOnsiY3JlYXRlIjo2MDAwMDAwMDAwMDB9fQ==",
          "dependencies": [
            "openstack_compute_instance_v2.aras-u08-server",
            "openstack_networking_floatingip_v2.aras_u08_floatip_1",
            "openstack_networking_network_v2.aras-u08-net",
            "openstack_networking_subnet_v2.aras-u08-subnet1"
          ]
        }
      ]
    },
    {
      "mode": "managed",
      "type": "openstack_compute_instance_v2",
      "name": "aras-u08-server",
      "provider": "provider[\"registry.terraform.io/terraform-provider-openstack/openstack\"]",
      "instances": [
        {
          "schema_version": 0,
          "attributes": {
            "access_ip_v4": "192.168.199.4",
            "access_ip_v6": "",
            "admin_pass": null,
            "all_metadata": {},
            "all_tags": [],
            "availability_zone": "sto2",
            "availability_zone_hints": null,
            "block_device": [],
            "config_drive": null,
            "flavor_id": "6b576115-1e0d-4f8e-bc3a-8d45732a44b5",
            "flavor_name": "v1-c2-m4-d60",
            "floating_ip": null,
            "force_delete": false,
            "id": "27851a8e-03ee-49fa-a450-77e8b022a425",
            "image_id": "c495a31a-9be6-4b11-8398-cc53922729d6",
            "image_name": "ubuntu-20.04-server-latest",
            "key_pair": "aras_terraform_keypair",
            "metadata": null,
            "name": "aras_u08_server",
            "network": [
              {
                "access_network": false,
                "fixed_ip_v4": "192.168.199.4",
                "fixed_ip_v6": "",
                "floating_ip": "",
                "mac": "fa:16:3e:4d:d5:1e",
                "name": "aras-u08-net",
                "port": "",
                "uuid": "776af8b9-8a76-4158-9710-61a737a50fb7"
              }
            ],
            "network_mode": null,
            "personality": [],
            "power_state": "active",
            "region": "se-sto",
            "scheduler_hints": [],
            "security_groups": [
              "aras_u08_secgroup_1"
            ],
            "stop_before_destroy": false,
            "tags": [],
            "timeouts": null,
            "user_data": null,
            "vendor_options": [],
            "volume": []
          },
          "sensitive_attributes": [],
          "private": "eyJlMmJmYjczMC1lY2FhLTExZTYtOGY4OC0zNDM2M2JjN2M0YzAiOnsiY3JlYXRlIjoxODAwMDAwMDAwMDAwLCJkZWxldGUiOjE4MDAwMDAwMDAwMDAsInVwZGF0ZSI6MTgwMDAwMDAwMDAwMH19",
          "dependencies": [
            "openstack_networking_network_v2.aras-u08-net",
            "openstack_networking_subnet_v2.aras-u08-subnet1"
          ]
        }
      ]
    },
    {
      "mode": "managed",
      "type": "openstack_compute_keypair_v2",
      "name": "aras_terraform_keypair",
      "provider": "provider[\"registry.terraform.io/terraform-provider-openstack/openstack\"]",
      "instances": [
        {
          "schema_version": 0,
          "attributes": {
            "fingerprint": "22:43:d8:1e:e0:23:07:aa:fb:86:4a:da:70:ee:3e:3d",
            "id": "aras_terraform_keypair",
            "name": "aras_terraform_keypair",
            "private_key": "",
            "public_key": "ssh-rsa AAAAB3NzaC1yc2EAAAADAQABAAABgQCxLrkHfOxgmvAudGgd34eF9nrofqBhRBryDFLtW56ufhYTN1rGxqBz3+d6wFzz+BamBY+qoKBbi3iNBBQUER3vUuaESiX0G3SSKeDMJivIY1d0gHgJkyMHzRtce0MzdE2mED3bpwo3Z0zqObtuzLnMw/1rAHpoIttjzKGYPaLMFAi8DyCEZaaGfef3pepTqA4JmnAEqcOmR2noxzPItvfBYoodgx8TQqcvZJhjoV9pwpQLMySgV7RhLEgIiIR8D+E9tB8U8pS04WRFiXZRcxuUaWHPHiLVfNj0wOiN0blH+plBg4MdZ+pNA91rReRWfNrUD4O66kK37Hiy+nGIekXbmJvLl78ClX4xsGKvQYr7l1uHnX/r4Xlo4e2oqbcFOF4OD0h+FGTfT292lqL5c55bUk+9i1fstPR8RqLNn3lZgZHFPNJ6kIXYHFN+M94jmw9onRaC15N6CZxsbgnOl8o1RnWWDUWfg03T5eimRzvWkKaqo0CEs/hF5GmwHaXZb48=",
            "region": "se-sto",
            "user_id": "",
            "value_specs": null
          },
          "sensitive_attributes": [],
          "private": "bnVsbA=="
        }
      ]
    },
    {
      "mode": "managed",
      "type": "openstack_networking_floatingip_v2",
      "name": "aras_u08_floatip_1",
      "provider": "provider[\"registry.terraform.io/terraform-provider-openstack/openstack\"]",
      "instances": [
        {
          "schema_version": 0,
          "attributes": {
            "address": "212.237.145.203",
            "all_tags": [],
            "description": "",
            "dns_domain": "",
            "dns_name": "",
            "fixed_ip": "192.168.199.4",
            "id": "dfca36fa-bbbc-4f0d-8bcf-581fdd2515fd",
            "pool": "elx-public1",
            "port_id": "99931b0d-f28d-4185-a9ba-6f9feda25126",
            "region": "se-sto",
            "subnet_id": null,
            "subnet_ids": null,
            "tags": [],
            "tenant_id": "95f11f0f5c4849098b5375a88cb144a5",
            "timeouts": null,
            "value_specs": null
          },
          "sensitive_attributes": [],
          "private": "eyJlMmJmYjczMC1lY2FhLTExZTYtOGY4OC0zNDM2M2JjN2M0YzAiOnsiY3JlYXRlIjo2MDAwMDAwMDAwMDAsImRlbGV0ZSI6NjAwMDAwMDAwMDAwfX0="
        }
      ]
    },
    {
      "mode": "managed",
      "type": "openstack_networking_network_v2",
      "name": "aras-u08-net",
      "provider": "provider[\"registry.terraform.io/terraform-provider-openstack/openstack\"]",
      "instances": [
        {
          "schema_version": 0,
          "attributes": {
            "admin_state_up": true,
            "all_tags": [],
            "availability_zone_hints": [],
            "description": "",
            "dns_domain": "",
            "external": false,
            "id": "776af8b9-8a76-4158-9710-61a737a50fb7",
            "mtu": 1500,
            "name": "aras-u08-net",
            "port_security_enabled": true,
            "qos_policy_id": "",
            "region": "se-sto",
            "segments": [],
            "shared": false,
            "tags": [],
            "tenant_id": "95f11f0f5c4849098b5375a88cb144a5",
            "timeouts": null,
            "transparent_vlan": false,
            "value_specs": null
          },
          "sensitive_attributes": [],
          "private": "eyJlMmJmYjczMC1lY2FhLTExZTYtOGY4OC0zNDM2M2JjN2M0YzAiOnsiY3JlYXRlIjo2MDAwMDAwMDAwMDAsImRlbGV0ZSI6NjAwMDAwMDAwMDAwfX0="
        }
      ]
    },
    {
      "mode": "managed",
      "type": "openstack_networking_router_interface_v2",
      "name": "router_interface_1",
      "provider": "provider[\"registry.terraform.io/terraform-provider-openstack/openstack\"]",
      "instances": [
        {
          "schema_version": 0,
          "attributes": {
            "id": "344340e8-fa64-4d70-9ad1-45e6f83191d8",
            "port_id": "344340e8-fa64-4d70-9ad1-45e6f83191d8",
            "region": "se-sto",
            "router_id": "bdd019bc-8981-4ccf-aabf-c2069c57773a",
            "subnet_id": "a4aeae0d-c84b-4772-9499-1a935e54bf49",
            "timeouts": null
          },
          "sensitive_attributes": [],
          "private": "eyJlMmJmYjczMC1lY2FhLTExZTYtOGY4OC0zNDM2M2JjN2M0YzAiOnsiY3JlYXRlIjo2MDAwMDAwMDAwMDAsImRlbGV0ZSI6NjAwMDAwMDAwMDAwfX0=",
          "dependencies": [
            "openstack_networking_network_v2.aras-u08-net",
            "openstack_networking_router_v2.aras-u08-router",
            "openstack_networking_subnet_v2.aras-u08-subnet1"
          ]
        }
      ]
    },
    {
      "mode": "managed",
      "type": "openstack_networking_router_v2",
      "name": "aras-u08-router",
      "provider": "provider[\"registry.terraform.io/terraform-provider-openstack/openstack\"]",
      "instances": [
        {
          "schema_version": 0,
          "attributes": {
            "admin_state_up": true,
            "all_tags": [],
            "availability_zone_hints": [],
            "description": "",
            "distributed": false,
            "enable_snat": true,
            "external_fixed_ip": [
              {
                "ip_address": "212.237.145.28",
                "subnet_id": "74f2a53d-1425-40d6-aa2a-96a62dd208dc"
              }
            ],
            "external_gateway": "600b8501-78cb-4155-9c9f-23dfcba88828",
            "external_network_id": "600b8501-78cb-4155-9c9f-23dfcba88828",
            "external_subnet_ids": null,
            "id": "bdd019bc-8981-4ccf-aabf-c2069c57773a",
            "name": "aras-u08-router",
            "region": "se-sto",
            "tags": [],
            "tenant_id": "95f11f0f5c4849098b5375a88cb144a5",
            "timeouts": null,
            "value_specs": null,
            "vendor_options": []
          },
          "sensitive_attributes": [],
          "private": "eyJlMmJmYjczMC1lY2FhLTExZTYtOGY4OC0zNDM2M2JjN2M0YzAiOnsiY3JlYXRlIjo2MDAwMDAwMDAwMDAsImRlbGV0ZSI6NjAwMDAwMDAwMDAwfX0="
        }
      ]
    },
    {
      "mode": "managed",
      "type": "openstack_networking_secgroup_rule_v2",
      "name": "aras_u08_secgroup_rule_1_3000",
      "provider": "provider[\"registry.terraform.io/terraform-provider-openstack/openstack\"]",
      "instances": [
        {
          "schema_version": 0,
          "attributes": {
            "description": "",
            "direction": "ingress",
            "ethertype": "IPv4",
            "id": "d515e522-25f6-4d15-9ce2-3c01d98203f5",
            "port_range_max": 3000,
            "port_range_min": 3000,
            "protocol": "tcp",
            "region": "se-sto",
            "remote_group_id": "",
            "remote_ip_prefix": "0.0.0.0/0",
            "security_group_id": "212b4e1e-6d81-407a-8388-cf84d3ead7d5",
            "tenant_id": "95f11f0f5c4849098b5375a88cb144a5",
            "timeouts": null
          },
          "sensitive_attributes": [],
          "private": "eyJlMmJmYjczMC1lY2FhLTExZTYtOGY4OC0zNDM2M2JjN2M0YzAiOnsiZGVsZXRlIjo2MDAwMDAwMDAwMDB9fQ==",
          "dependencies": [
            "openstack_networking_secgroup_v2.aras_u08_secgroup_1"
          ]
        }
      ]
    },
    {
      "mode": "managed",
      "type": "openstack_networking_secgroup_rule_v2",
      "name": "aras_u08_secgroup_rule_1_443",
      "provider": "provider[\"registry.terraform.io/terraform-provider-openstack/openstack\"]",
      "instances": [
        {
          "schema_version": 0,
          "attributes": {
            "description": "",
            "direction": "ingress",
            "ethertype": "IPv4",
            "id": "42b1b4e2-1ba1-41a5-9ab3-e7a66c35715d",
            "port_range_max": 443,
            "port_range_min": 443,
            "protocol": "tcp",
            "region": "se-sto",
            "remote_group_id": "",
            "remote_ip_prefix": "0.0.0.0/0",
            "security_group_id": "212b4e1e-6d81-407a-8388-cf84d3ead7d5",
            "tenant_id": "95f11f0f5c4849098b5375a88cb144a5",
            "timeouts": null
          },
          "sensitive_attributes": [],
          "private": "eyJlMmJmYjczMC1lY2FhLTExZTYtOGY4OC0zNDM2M2JjN2M0YzAiOnsiZGVsZXRlIjo2MDAwMDAwMDAwMDB9fQ==",
          "dependencies": [
            "openstack_networking_secgroup_v2.aras_u08_secgroup_1"
          ]
        }
      ]
    },
    {
      "mode": "managed",
      "type": "openstack_networking_secgroup_rule_v2",
      "name": "aras_u08_secgroup_rule_1_80",
      "provider": "provider[\"registry.terraform.io/terraform-provider-openstack/openstack\"]",
      "instances": [
        {
          "schema_version": 0,
          "attributes": {
            "description": "",
            "direction": "ingress",
            "ethertype": "IPv4",
            "id": "e4813856-bca9-43a7-882c-1c874bbc3987",
            "port_range_max": 80,
            "port_range_min": 80,
            "protocol": "tcp",
            "region": "se-sto",
            "remote_group_id": "",
            "remote_ip_prefix": "0.0.0.0/0",
            "security_group_id": "212b4e1e-6d81-407a-8388-cf84d3ead7d5",
            "tenant_id": "95f11f0f5c4849098b5375a88cb144a5",
            "timeouts": null
          },
          "sensitive_attributes": [],
          "private": "eyJlMmJmYjczMC1lY2FhLTExZTYtOGY4OC0zNDM2M2JjN2M0YzAiOnsiZGVsZXRlIjo2MDAwMDAwMDAwMDB9fQ==",
          "dependencies": [
            "openstack_networking_secgroup_v2.aras_u08_secgroup_1"
          ]
        }
      ]
    },
    {
      "mode": "managed",
      "type": "openstack_networking_secgroup_rule_v2",
      "name": "aras_u08_secgroup_rule_1_ssh",
      "provider": "provider[\"registry.terraform.io/terraform-provider-openstack/openstack\"]",
      "instances": [
        {
          "schema_version": 0,
          "attributes": {
            "description": "",
            "direction": "ingress",
            "ethertype": "IPv4",
            "id": "67049a62-db6e-4efd-ba2d-0c766eae0b92",
            "port_range_max": 22,
            "port_range_min": 22,
            "protocol": "tcp",
            "region": "se-sto",
            "remote_group_id": "",
            "remote_ip_prefix": "0.0.0.0/0",
            "security_group_id": "212b4e1e-6d81-407a-8388-cf84d3ead7d5",
            "tenant_id": "95f11f0f5c4849098b5375a88cb144a5",
            "timeouts": null
          },
          "sensitive_attributes": [],
          "private": "eyJlMmJmYjczMC1lY2FhLTExZTYtOGY4OC0zNDM2M2JjN2M0YzAiOnsiZGVsZXRlIjo2MDAwMDAwMDAwMDB9fQ==",
          "dependencies": [
            "openstack_networking_secgroup_v2.aras_u08_secgroup_1"
          ]
        }
      ]
    },
    {
      "mode": "managed",
      "type": "openstack_networking_secgroup_v2",
      "name": "aras_u08_secgroup_1",
      "provider": "provider[\"registry.terraform.io/terraform-provider-openstack/openstack\"]",
      "instances": [
        {
          "schema_version": 0,
          "attributes": {
            "all_tags": [],
            "delete_default_rules": null,
            "description": "Security group Caprover",
            "id": "212b4e1e-6d81-407a-8388-cf84d3ead7d5",
            "name": "aras_u08_secgroup_1",
            "region": "se-sto",
            "tags": [],
            "tenant_id": "95f11f0f5c4849098b5375a88cb144a5",
            "timeouts": null
          },
          "sensitive_attributes": [],
          "private": "eyJlMmJmYjczMC1lY2FhLTExZTYtOGY4OC0zNDM2M2JjN2M0YzAiOnsiZGVsZXRlIjo2MDAwMDAwMDAwMDB9fQ=="
        }
      ]
    },
    {
      "mode": "managed",
      "type": "openstack_networking_subnet_v2",
      "name": "aras-u08-subnet1",
      "provider": "provider[\"registry.terraform.io/terraform-provider-openstack/openstack\"]",
      "instances": [
        {
          "schema_version": 0,
          "attributes": {
            "all_tags": [],
            "allocation_pool": [
              {
                "end": "192.168.199.254",
                "start": "192.168.199.2"
              }
            ],
            "allocation_pools": [
              {
                "end": "192.168.199.254",
                "start": "192.168.199.2"
              }
            ],
            "cidr": "192.168.199.0/24",
            "description": "",
            "dns_nameservers": [
              "1.1.1.1"
            ],
            "enable_dhcp": true,
            "gateway_ip": "192.168.199.1",
            "host_routes": [],
            "id": "a4aeae0d-c84b-4772-9499-1a935e54bf49",
            "ip_version": 4,
            "ipv6_address_mode": "",
            "ipv6_ra_mode": "",
            "name": "aras-u08-subnet1",
            "network_id": "776af8b9-8a76-4158-9710-61a737a50fb7",
            "no_gateway": false,
            "prefix_length": null,
            "region": "se-sto",
            "subnetpool_id": "",
            "tags": [],
            "tenant_id": "95f11f0f5c4849098b5375a88cb144a5",
            "timeouts": null,
            "value_specs": null
          },
          "sensitive_attributes": [],
          "private": "eyJlMmJmYjczMC1lY2FhLTExZTYtOGY4OC0zNDM2M2JjN2M0YzAiOnsiY3JlYXRlIjo2MDAwMDAwMDAwMDAsImRlbGV0ZSI6NjAwMDAwMDAwMDAwfX0=",
          "dependencies": [
            "openstack_networking_network_v2.aras-u08-net"
          ]
        }
      ]
    }
  ],
  "check_results": null
}
